
Microsoft Visual Studio Solution File, Format Version 12.00
# Visual Studio Version 16
VisualStudioVersion = 16.0.30011.22
MinimumVisualStudioVersion = 10.0.40219.1
Project("{FAE04EC0-301F-11D3-BF4B-00C04F79EFBC}") = "OdeToFood.Web", "OdeToFood.Web\OdeToFood.Web.csproj", "{DB4A9D19-0904-49D4-A3A7-E30BE5653952}"
EndProject
Project("{FAE04EC0-301F-11D3-BF4B-00C04F79EFBC}") = "OdeToFood.Data", "OdeToFood.Data\OdeToFood.Data.csproj", "{D165835C-DB68-4A40-9E09-71B4AA2592DC}"
EndProject
Global
	GlobalSection(SolutionConfigurationPlatforms) = preSolution
		Debug|Any CPU = Debug|Any CPU
		Release|Any CPU = Release|Any CPU
	EndGlobalSection
	GlobalSection(ProjectConfigurationPlatforms) = postSolution
		{DB4A9D19-0904-49D4-A3A7-E30BE5653952}.Debug|Any CPU.ActiveCfg = Debug|Any CPU
		{DB4A9D19-0904-49D4-A3A7-E30BE5653952}.Debug|Any CPU.Build.0 = Debug|Any CPU
		{DB4A9D19-0904-49D4-A3A7-E30BE5653952}.Release|Any CPU.ActiveCfg = Release|Any CPU
		{DB4A9D19-0904-49D4-A3A7-E30BE5653952}.Release|Any CPU.Build.0 = Release|Any CPU
		{D165835C-DB68-4A40-9E09-71B4AA2592DC}.Debug|Any CPU.ActiveCfg = Debug|Any CPU
		{D165835C-DB68-4A40-9E09-71B4AA2592DC}.Debug|Any CPU.Build.0 = Debug|Any CPU
		{D165835C-DB68-4A40-9E09-71B4AA2592DC}.Release|Any CPU.ActiveCfg = Release|Any CPU
		{D165835C-DB68-4A40-9E09-71B4AA2592DC}.Release|Any CPU.Build.0 = Release|Any CPU
	EndGlobalSection
	GlobalSection(SolutionProperties) = preSolution
		HideSolutionNode = FALSE
	EndGlobalSection
	GlobalSection(ExtensibilityGlobals) = postSolution
		SolutionGuid = {335C3910-D644-4F1C-953B-D0B9165D0051}
	EndGlobalSection
EndGlobal
